// !$*UTF8*$!
{
	archiveVersion = 1;
	classes = {
	};
	objectVersion = 46;
	objects = {

/* Begin PBXBuildFile section */
		131106080E465B9C00ADB761 /* ilingoka.sqlite in Resources */ = {isa = PBXBuildFile; fileRef = 131106070E465B9C00ADB761 /* ilingoka.sqlite */; };
		131106200E46676500ADB761 /* Bookmark.m in Sources */ = {isa = PBXBuildFile; fileRef = 1311061F0E46676500ADB761 /* Bookmark.m */; };
		139F57050E44FC37009EA047 /* DetailView.xib in Resources */ = {isa = PBXBuildFile; fileRef = 139F57040E44FC37009EA047 /* DetailView.xib */; };
		139F57090E44FC6C009EA047 /* DetailViewController.m in Sources */ = {isa = PBXBuildFile; fileRef = 139F57080E44FC6C009EA047 /* DetailViewController.m */; };
		139F57B70E450A0B009EA047 /* BookmarkView.xib in Resources */ = {isa = PBXBuildFile; fileRef = 139F57B60E450A0B009EA047 /* BookmarkView.xib */; };
		139F57BB0E450A23009EA047 /* BookmarkViewController.m in Sources */ = {isa = PBXBuildFile; fileRef = 139F57BA0E450A23009EA047 /* BookmarkViewController.m */; };
		13B84F150E45C81E0058FDC2 /* BookmarkDetailViewController.m in Sources */ = {isa = PBXBuildFile; fileRef = 13B84F140E45C81E0058FDC2 /* BookmarkDetailViewController.m */; };
		13B84F770E45CCFE0058FDC2 /* BookmarkDetailView.xib in Resources */ = {isa = PBXBuildFile; fileRef = 13B84F760E45CCFE0058FDC2 /* BookmarkDetailView.xib */; };
		13B850510E461FA80058FDC2 /* libsqlite3.dylib in Frameworks */ = {isa = PBXBuildFile; fileRef = 13B850500E461FA80058FDC2 /* libsqlite3.dylib */; };
		13FB7BC40E44DB560081C08E /* EngGeo.m in Sources */ = {isa = PBXBuildFile; fileRef = 13FB7BC30E44DB560081C08E /* EngGeo.m */; };
		1D3623260D0F684500981E51 /* LinGEOAppDelegate.m in Sources */ = {isa = PBXBuildFile; fileRef = 1D3623250D0F684500981E51 /* LinGEOAppDelegate.m */; };
		1D60589B0D05DD56006BFB54 /* main.m in Sources */ = {isa = PBXBuildFile; fileRef = 29B97316FDCFA39411CA2CEA /* main.m */; };
		1D60589F0D05DD5A006BFB54 /* Foundation.framework in Frameworks */ = {isa = PBXBuildFile; fileRef = 1D30AB110D05D00D00671497 /* Foundation.framework */; };
		1DF5F4E00D08C38300B7A737 /* UIKit.framework in Frameworks */ = {isa = PBXBuildFile; fileRef = 1DF5F4DF0D08C38300B7A737 /* UIKit.framework */; };
		2892E4100DC94CBA00A64D0F /* CoreGraphics.framework in Frameworks */ = {isa = PBXBuildFile; fileRef = 2892E40F0DC94CBA00A64D0F /* CoreGraphics.framework */; };
		2899E5600DE3E45000AC0155 /* RootViewController.xib in Resources */ = {isa = PBXBuildFile; fileRef = 2899E55F0DE3E45000AC0155 /* RootViewController.xib */; };
		28AD73600D9D9599002E5188 /* MainWindow.xib in Resources */ = {isa = PBXBuildFile; fileRef = 28AD735F0D9D9599002E5188 /* MainWindow.xib */; };
		28C286E10D94DF7D0034E888 /* RootViewController.m in Sources */ = {isa = PBXBuildFile; fileRef = 28C286E00D94DF7D0034E888 /* RootViewController.m */; };
		C6538938128DA68C00C8FC07 /* Entitlements.plist in Resources */ = {isa = PBXBuildFile; fileRef = C6538937128DA68C00C8FC07 /* Entitlements.plist */; };
		C68ADDDF128AA3B2001FFD4C /* ShadowedTableView.m in Sources */ = {isa = PBXBuildFile; fileRef = C68ADDDE128AA3B2001FFD4C /* ShadowedTableView.m */; };
		C68ADDED128AA3E9001FFD4C /* QuartzCore.framework in Frameworks */ = {isa = PBXBuildFile; fileRef = C68ADDEC128AA3E9001FFD4C /* QuartzCore.framework */; };
		C69479921524F73F00497D6B /* espeak-data in Resources */ = {isa = PBXBuildFile; fileRef = C69479911524F73F00497D6B /* espeak-data */; };
		C69479BF1524F82A00497D6B /* compiledict.cpp in Sources */ = {isa = PBXBuildFile; fileRef = C69479981524F82A00497D6B /* compiledict.cpp */; };
		C69479C01524F82A00497D6B /* debug.cpp in Sources */ = {isa = PBXBuildFile; fileRef = C69479991524F82A00497D6B /* debug.cpp */; };
		C69479C11524F82A00497D6B /* dictionary.cpp in Sources */ = {isa = PBXBuildFile; fileRef = C694799B1524F82A00497D6B /* dictionary.cpp */; };
		C69479C21524F82A00497D6B /* espeak_command.cpp in Sources */ = {isa = PBXBuildFile; fileRef = C694799C1524F82A00497D6B /* espeak_command.cpp */; };
		C69479C31524F82A00497D6B /* event.cpp in Sources */ = {isa = PBXBuildFile; fileRef = C694799E1524F82A00497D6B /* event.cpp */; };
		C69479C41524F82A00497D6B /* fifo.cpp in Sources */ = {isa = PBXBuildFile; fileRef = C69479A01524F82A00497D6B /* fifo.cpp */; };
		C69479C51524F82A00497D6B /* intonation.cpp in Sources */ = {isa = PBXBuildFile; fileRef = C69479A21524F82A00497D6B /* intonation.cpp */; };
		C69479C61524F82A00497D6B /* klatt.cpp in Sources */ = {isa = PBXBuildFile; fileRef = C69479A31524F82A00497D6B /* klatt.cpp */; };
		C69479C71524F82A00497D6B /* mbrowrap.cpp in Sources */ = {isa = PBXBuildFile; fileRef = C69479A51524F82A00497D6B /* mbrowrap.cpp */; };
		C69479C81524F82A00497D6B /* numbers.cpp in Sources */ = {isa = PBXBuildFile; fileRef = C69479A71524F82A00497D6B /* numbers.cpp */; };
		C69479C91524F82A00497D6B /* phonemelist.cpp in Sources */ = {isa = PBXBuildFile; fileRef = C69479A91524F82A00497D6B /* phonemelist.cpp */; };
		C69479CA1524F82A00497D6B /* readclause.cpp in Sources */ = {isa = PBXBuildFile; fileRef = C69479AA1524F82A00497D6B /* readclause.cpp */; };
		C69479CB1524F82A00497D6B /* setlengths.cpp in Sources */ = {isa = PBXBuildFile; fileRef = C69479AB1524F82A00497D6B /* setlengths.cpp */; };
		C69479CC1524F82A00497D6B /* sonic.cpp in Sources */ = {isa = PBXBuildFile; fileRef = C69479AD1524F82A00497D6B /* sonic.cpp */; };
		C69479CD1524F82A00497D6B /* speak_lib.cpp in Sources */ = {isa = PBXBuildFile; fileRef = C69479AF1524F82A00497D6B /* speak_lib.cpp */; };
		C69479CE1524F82A00497D6B /* synth_mbrola.cpp in Sources */ = {isa = PBXBuildFile; fileRef = C69479B31524F82A00497D6B /* synth_mbrola.cpp */; };
		C69479CF1524F82A00497D6B /* synthdata.cpp in Sources */ = {isa = PBXBuildFile; fileRef = C69479B41524F82A00497D6B /* synthdata.cpp */; };
		C69479D01524F82A00497D6B /* synthesize.cpp in Sources */ = {isa = PBXBuildFile; fileRef = C69479B51524F82A00497D6B /* synthesize.cpp */; };
		C69479D11524F82A00497D6B /* tr_languages.cpp in Sources */ = {isa = PBXBuildFile; fileRef = C69479B71524F82A00497D6B /* tr_languages.cpp */; };
		C69479D21524F82A00497D6B /* translate.cpp in Sources */ = {isa = PBXBuildFile; fileRef = C69479B81524F82A00497D6B /* translate.cpp */; };
		C69479D31524F82A00497D6B /* voices.cpp in Sources */ = {isa = PBXBuildFile; fileRef = C69479BB1524F82A00497D6B /* voices.cpp */; };
		C69479D41524F82A00497D6B /* wave.cpp in Sources */ = {isa = PBXBuildFile; fileRef = C69479BC1524F82A00497D6B /* wave.cpp */; };
		C69479D51524F82A00497D6B /* wavegen.cpp in Sources */ = {isa = PBXBuildFile; fileRef = C69479BE1524F82A00497D6B /* wavegen.cpp */; };
		C69479D71524FF8500497D6B /* Play-icon.png in Resources */ = {isa = PBXBuildFile; fileRef = C69479D61524FF8500497D6B /* Play-icon.png */; };
		C69479D91525045C00497D6B /* Stop-icon.png in Resources */ = {isa = PBXBuildFile; fileRef = C69479D81525045C00497D6B /* Stop-icon.png */; };
		C69479DA15250B4500497D6B /* Icon@2x.png in Resources */ = {isa = PBXBuildFile; fileRef = C694798B1524F24400497D6B /* Icon@2x.png */; };
		C6947A291525965D00497D6B /* MainWindow-iPad.xib in Resources */ = {isa = PBXBuildFile; fileRef = C6947A281525965D00497D6B /* MainWindow-iPad.xib */; };
		C6947A311525A07D00497D6B /* Icon~ipad.png in Resources */ = {isa = PBXBuildFile; fileRef = C6947A301525A07D00497D6B /* Icon~ipad.png */; };
		C6947A331525A0D900497D6B /* Icon~ipad@2x.png in Resources */ = {isa = PBXBuildFile; fileRef = C6947A321525A0D900497D6B /* Icon~ipad@2x.png */; };
		C6947A421525C03900497D6B /* Default.png in Resources */ = {isa = PBXBuildFile; fileRef = C606177A106784870090295B /* Default.png */; };
		C6947A431525C03B00497D6B /* Default@2x.png in Resources */ = {isa = PBXBuildFile; fileRef = C6947A2A15259E2900497D6B /* Default@2x.png */; };
		C6947A441525C15700497D6B /* Default-Portrait~ipad.png in Resources */ = {isa = PBXBuildFile; fileRef = C6947A381525BF0300497D6B /* Default-Portrait~ipad.png */; };
		C6947A451525C15900497D6B /* Default-Landscape~ipad.png in Resources */ = {isa = PBXBuildFile; fileRef = C6947A3E1525BF5D00497D6B /* Default-Landscape~ipad.png */; };
		C6947A471525C15F00497D6B /* Default-Portrait@2x~ipad.png in Resources */ = {isa = PBXBuildFile; fileRef = C6947A461525C15F00497D6B /* Default-Portrait@2x~ipad.png */; };
		C6947A491525C16400497D6B /* Default-Landscape@2x~ipad.png in Resources */ = {isa = PBXBuildFile; fileRef = C6947A481525C16400497D6B /* Default-Landscape@2x~ipad.png */; };
		C6947A4C1525CFA700497D6B /* PTeSpeak.m in Sources */ = {isa = PBXBuildFile; fileRef = C6947A4B1525CFA700497D6B /* PTeSpeak.m */; };
		C6B01AC0128BEDEA0025D0A0 /* background.png in Resources */ = {isa = PBXBuildFile; fileRef = C6B01ABF128BEDEA0025D0A0 /* background.png */; };
		C6B01E51128D7C3D0025D0A0 /* MessageUI.framework in Frameworks */ = {isa = PBXBuildFile; fileRef = C6B01E50128D7C3D0025D0A0 /* MessageUI.framework */; };
		C6C991F5162A931100B642BE /* Default-568h@2x.png in Resources */ = {isa = PBXBuildFile; fileRef = C6C991F4162A931100B642BE /* Default-568h@2x.png */; };
		C6E9FFA6105AAA4B001078EB /* Icon.png in Resources */ = {isa = PBXBuildFile; fileRef = C6E9FFA5105AAA4B001078EB /* Icon.png */; };
		C6F38BC0128E92B400B4535A /* AudioToolbox.framework in Frameworks */ = {isa = PBXBuildFile; fileRef = C6F38BBF128E92B400B4535A /* AudioToolbox.framework */; };
		C6F38BC3128E92C300B4535A /* MediaPlayer.framework in Frameworks */ = {isa = PBXBuildFile; fileRef = C6F38BC2128E92C300B4535A /* MediaPlayer.framework */; };
		C6F38BC6128E92CE00B4535A /* MessageUI.framework in Frameworks */ = {isa = PBXBuildFile; fileRef = C6F38BC5128E92CE00B4535A /* MessageUI.framework */; settings = {ATTRIBUTES = (Weak, ); }; };
		C6F38C66128E948600B4535A /* CDataScanner.m in Sources */ = {isa = PBXBuildFile; fileRef = C6F38C51128E948600B4535A /* CDataScanner.m */; };
		C6F38C67128E948600B4535A /* CDataScanner_Extensions.m in Sources */ = {isa = PBXBuildFile; fileRef = C6F38C54128E948600B4535A /* CDataScanner_Extensions.m */; };
		C6F38C68128E948600B4535A /* NSCharacterSet_Extensions.m in Sources */ = {isa = PBXBuildFile; fileRef = C6F38C56128E948600B4535A /* NSCharacterSet_Extensions.m */; };
		C6F38C69128E948600B4535A /* NSDictionary_JSONExtensions.m in Sources */ = {isa = PBXBuildFile; fileRef = C6F38C58128E948600B4535A /* NSDictionary_JSONExtensions.m */; };
		C6F38C6A128E948600B4535A /* NSScanner_Extensions.m in Sources */ = {isa = PBXBuildFile; fileRef = C6F38C5A128E948600B4535A /* NSScanner_Extensions.m */; };
		C6F38C6B128E948600B4535A /* CJSONDataSerializer.m in Sources */ = {isa = PBXBuildFile; fileRef = C6F38C5D128E948600B4535A /* CJSONDataSerializer.m */; };
		C6F38C6C128E948600B4535A /* CJSONDeserializer.m in Sources */ = {isa = PBXBuildFile; fileRef = C6F38C5F128E948600B4535A /* CJSONDeserializer.m */; };
		C6F38C6D128E948600B4535A /* CJSONScanner.m in Sources */ = {isa = PBXBuildFile; fileRef = C6F38C61128E948600B4535A /* CJSONScanner.m */; };
		C6F38C6E128E948600B4535A /* CJSONSerializer.m in Sources */ = {isa = PBXBuildFile; fileRef = C6F38C63128E948600B4535A /* CJSONSerializer.m */; };
		C6F38C6F128E948600B4535A /* CSerializedJSONData.m in Sources */ = {isa = PBXBuildFile; fileRef = C6F38C65128E948600B4535A /* CSerializedJSONData.m */; };
/* End PBXBuildFile section */

/* Begin PBXFileReference section */
		131106070E465B9C00ADB761 /* ilingoka.sqlite */ = {isa = PBXFileReference; lastKnownFileType = file; path = ilingoka.sqlite; sourceTree = SOURCE_ROOT; };
		1311061E0E46676500ADB761 /* Bookmark.h */ = {isa = PBXFileReference; fileEncoding = 4; lastKnownFileType = sourcecode.c.h; path = Bookmark.h; sourceTree = "<group>"; };
		1311061F0E46676500ADB761 /* Bookmark.m */ = {isa = PBXFileReference; fileEncoding = 4; lastKnownFileType = sourcecode.c.objc; path = Bookmark.m; sourceTree = "<group>"; };
		139F57040E44FC37009EA047 /* DetailView.xib */ = {isa = PBXFileReference; lastKnownFileType = file.xib; path = DetailView.xib; sourceTree = "<group>"; };
		139F57070E44FC6C009EA047 /* DetailViewController.h */ = {isa = PBXFileReference; fileEncoding = 4; lastKnownFileType = sourcecode.c.h; path = DetailViewController.h; sourceTree = "<group>"; };
		139F57080E44FC6C009EA047 /* DetailViewController.m */ = {isa = PBXFileReference; fileEncoding = 4; lastKnownFileType = sourcecode.c.objc; path = DetailViewController.m; sourceTree = "<group>"; };
		139F57B60E450A0B009EA047 /* BookmarkView.xib */ = {isa = PBXFileReference; lastKnownFileType = file.xib; path = BookmarkView.xib; sourceTree = "<group>"; };
		139F57B90E450A23009EA047 /* BookmarkViewController.h */ = {isa = PBXFileReference; fileEncoding = 4; lastKnownFileType = sourcecode.c.h; path = BookmarkViewController.h; sourceTree = "<group>"; };
		139F57BA0E450A23009EA047 /* BookmarkViewController.m */ = {isa = PBXFileReference; fileEncoding = 4; lastKnownFileType = sourcecode.c.objc; path = BookmarkViewController.m; sourceTree = "<group>"; };
		13B84F130E45C81E0058FDC2 /* BookmarkDetailViewController.h */ = {isa = PBXFileReference; fileEncoding = 4; lastKnownFileType = sourcecode.c.h; path = BookmarkDetailViewController.h; sourceTree = "<group>"; };
		13B84F140E45C81E0058FDC2 /* BookmarkDetailViewController.m */ = {isa = PBXFileReference; fileEncoding = 4; lastKnownFileType = sourcecode.c.objc; path = BookmarkDetailViewController.m; sourceTree = "<group>"; };
		13B84F760E45CCFE0058FDC2 /* BookmarkDetailView.xib */ = {isa = PBXFileReference; lastKnownFileType = file.xib; path = BookmarkDetailView.xib; sourceTree = "<group>"; };
		13B850500E461FA80058FDC2 /* libsqlite3.dylib */ = {isa = PBXFileReference; lastKnownFileType = "compiled.mach-o.dylib"; name = libsqlite3.dylib; path = usr/lib/libsqlite3.dylib; sourceTree = SDKROOT; };
		13FB7BC20E44DB560081C08E /* EngGeo.h */ = {isa = PBXFileReference; fileEncoding = 4; lastKnownFileType = sourcecode.c.h; name = EngGeo.h; path = Classes/EngGeo.h; sourceTree = "<group>"; };
		13FB7BC30E44DB560081C08E /* EngGeo.m */ = {isa = PBXFileReference; fileEncoding = 4; lastKnownFileType = sourcecode.c.objc; name = EngGeo.m; path = Classes/EngGeo.m; sourceTree = "<group>"; };
		1D30AB110D05D00D00671497 /* Foundation.framework */ = {isa = PBXFileReference; lastKnownFileType = wrapper.framework; name = Foundation.framework; path = System/Library/Frameworks/Foundation.framework; sourceTree = SDKROOT; };
		1D3623240D0F684500981E51 /* LinGEOAppDelegate.h */ = {isa = PBXFileReference; fileEncoding = 4; lastKnownFileType = sourcecode.c.h; name = LinGEOAppDelegate.h; path = Classes/LinGEOAppDelegate.h; sourceTree = "<group>"; };
		1D3623250D0F684500981E51 /* LinGEOAppDelegate.m */ = {isa = PBXFileReference; fileEncoding = 4; lastKnownFileType = sourcecode.c.objc; name = LinGEOAppDelegate.m; path = Classes/LinGEOAppDelegate.m; sourceTree = "<group>"; };
		1D6058910D05DD3D006BFB54 /* LinGEO.app */ = {isa = PBXFileReference; explicitFileType = wrapper.application; includeInIndex = 0; path = LinGEO.app; sourceTree = BUILT_PRODUCTS_DIR; };
		1DF5F4DF0D08C38300B7A737 /* UIKit.framework */ = {isa = PBXFileReference; lastKnownFileType = wrapper.framework; name = UIKit.framework; path = System/Library/Frameworks/UIKit.framework; sourceTree = SDKROOT; };
		2892E40F0DC94CBA00A64D0F /* CoreGraphics.framework */ = {isa = PBXFileReference; lastKnownFileType = wrapper.framework; name = CoreGraphics.framework; path = System/Library/Frameworks/CoreGraphics.framework; sourceTree = SDKROOT; };
		2899E55F0DE3E45000AC0155 /* RootViewController.xib */ = {isa = PBXFileReference; lastKnownFileType = file.xib; path = RootViewController.xib; sourceTree = "<group>"; };
		28A0AAE50D9B0CCF005BE974 /* LinGEO_Prefix.pch */ = {isa = PBXFileReference; fileEncoding = 4; lastKnownFileType = sourcecode.c.h; path = LinGEO_Prefix.pch; sourceTree = "<group>"; };
		28AD735F0D9D9599002E5188 /* MainWindow.xib */ = {isa = PBXFileReference; lastKnownFileType = file.xib; path = MainWindow.xib; sourceTree = "<group>"; };
		28C286DF0D94DF7D0034E888 /* RootViewController.h */ = {isa = PBXFileReference; fileEncoding = 4; lastKnownFileType = sourcecode.c.h; path = RootViewController.h; sourceTree = "<group>"; };
		28C286E00D94DF7D0034E888 /* RootViewController.m */ = {isa = PBXFileReference; fileEncoding = 4; lastKnownFileType = sourcecode.c.objc; path = RootViewController.m; sourceTree = "<group>"; };
		29B97316FDCFA39411CA2CEA /* main.m */ = {isa = PBXFileReference; fileEncoding = 4; lastKnownFileType = sourcecode.c.objc; path = main.m; sourceTree = "<group>"; };
		8D1107310486CEB800E47090 /* Info.plist */ = {isa = PBXFileReference; fileEncoding = 4; lastKnownFileType = text.plist.xml; path = Info.plist; sourceTree = "<group>"; };
		C606177A106784870090295B /* Default.png */ = {isa = PBXFileReference; lastKnownFileType = image.png; path = Default.png; sourceTree = "<group>"; };
		C6538937128DA68C00C8FC07 /* Entitlements.plist */ = {isa = PBXFileReference; fileEncoding = 4; lastKnownFileType = text.plist.xml; path = Entitlements.plist; sourceTree = "<group>"; };
		C68ADDDD128AA3B2001FFD4C /* ShadowedTableView.h */ = {isa = PBXFileReference; fileEncoding = 4; lastKnownFileType = sourcecode.c.h; path = ShadowedTableView.h; sourceTree = "<group>"; };
		C68ADDDE128AA3B2001FFD4C /* ShadowedTableView.m */ = {isa = PBXFileReference; fileEncoding = 4; lastKnownFileType = sourcecode.c.objc; path = ShadowedTableView.m; sourceTree = "<group>"; };
		C68ADDEC128AA3E9001FFD4C /* QuartzCore.framework */ = {isa = PBXFileReference; lastKnownFileType = wrapper.framework; name = QuartzCore.framework; path = System/Library/Frameworks/QuartzCore.framework; sourceTree = SDKROOT; };
		C694798B1524F24400497D6B /* Icon@2x.png */ = {isa = PBXFileReference; lastKnownFileType = image.png; path = "Icon@2x.png"; sourceTree = "<group>"; };
		C69479911524F73F00497D6B /* espeak-data */ = {isa = PBXFileReference; lastKnownFileType = folder; name = "espeak-data"; path = "espeak-1.46.14/espeak-data"; sourceTree = "<group>"; };
		C69479981524F82A00497D6B /* compiledict.cpp */ = {isa = PBXFileReference; fileEncoding = 4; lastKnownFileType = sourcecode.cpp.cpp; name = compiledict.cpp; path = "espeak-1.46.14/src/compiledict.cpp"; sourceTree = "<group>"; };
		C69479991524F82A00497D6B /* debug.cpp */ = {isa = PBXFileReference; fileEncoding = 4; lastKnownFileType = sourcecode.cpp.cpp; name = debug.cpp; path = "espeak-1.46.14/src/debug.cpp"; sourceTree = "<group>"; };
		C694799A1524F82A00497D6B /* debug.h */ = {isa = PBXFileReference; fileEncoding = 4; lastKnownFileType = sourcecode.c.h; name = debug.h; path = "espeak-1.46.14/src/debug.h"; sourceTree = "<group>"; };
		C694799B1524F82A00497D6B /* dictionary.cpp */ = {isa = PBXFileReference; fileEncoding = 4; lastKnownFileType = sourcecode.cpp.cpp; name = dictionary.cpp; path = "espeak-1.46.14/src/dictionary.cpp"; sourceTree = "<group>"; };
		C694799C1524F82A00497D6B /* espeak_command.cpp */ = {isa = PBXFileReference; fileEncoding = 4; lastKnownFileType = sourcecode.cpp.cpp; name = espeak_command.cpp; path = "espeak-1.46.14/src/espeak_command.cpp"; sourceTree = "<group>"; };
		C694799D1524F82A00497D6B /* espeak_command.h */ = {isa = PBXFileReference; fileEncoding = 4; lastKnownFileType = sourcecode.c.h; name = espeak_command.h; path = "espeak-1.46.14/src/espeak_command.h"; sourceTree = "<group>"; };
		C694799E1524F82A00497D6B /* event.cpp */ = {isa = PBXFileReference; fileEncoding = 4; lastKnownFileType = sourcecode.cpp.cpp; name = event.cpp; path = "espeak-1.46.14/src/event.cpp"; sourceTree = "<group>"; };
		C694799F1524F82A00497D6B /* event.h */ = {isa = PBXFileReference; fileEncoding = 4; lastKnownFileType = sourcecode.c.h; name = event.h; path = "espeak-1.46.14/src/event.h"; sourceTree = "<group>"; };
		C69479A01524F82A00497D6B /* fifo.cpp */ = {isa = PBXFileReference; fileEncoding = 4; lastKnownFileType = sourcecode.cpp.cpp; name = fifo.cpp; path = "espeak-1.46.14/src/fifo.cpp"; sourceTree = "<group>"; };
		C69479A11524F82A00497D6B /* fifo.h */ = {isa = PBXFileReference; fileEncoding = 4; lastKnownFileType = sourcecode.c.h; name = fifo.h; path = "espeak-1.46.14/src/fifo.h"; sourceTree = "<group>"; };
		C69479A21524F82A00497D6B /* intonation.cpp */ = {isa = PBXFileReference; fileEncoding = 4; lastKnownFileType = sourcecode.cpp.cpp; name = intonation.cpp; path = "espeak-1.46.14/src/intonation.cpp"; sourceTree = "<group>"; };
		C69479A31524F82A00497D6B /* klatt.cpp */ = {isa = PBXFileReference; fileEncoding = 4; lastKnownFileType = sourcecode.cpp.cpp; name = klatt.cpp; path = "espeak-1.46.14/src/klatt.cpp"; sourceTree = "<group>"; };
		C69479A41524F82A00497D6B /* klatt.h */ = {isa = PBXFileReference; fileEncoding = 4; lastKnownFileType = sourcecode.c.h; name = klatt.h; path = "espeak-1.46.14/src/klatt.h"; sourceTree = "<group>"; };
		C69479A51524F82A00497D6B /* mbrowrap.cpp */ = {isa = PBXFileReference; fileEncoding = 4; lastKnownFileType = sourcecode.cpp.cpp; name = mbrowrap.cpp; path = "espeak-1.46.14/src/mbrowrap.cpp"; sourceTree = "<group>"; };
		C69479A61524F82A00497D6B /* mbrowrap.h */ = {isa = PBXFileReference; fileEncoding = 4; lastKnownFileType = sourcecode.c.h; name = mbrowrap.h; path = "espeak-1.46.14/src/mbrowrap.h"; sourceTree = "<group>"; };
		C69479A71524F82A00497D6B /* numbers.cpp */ = {isa = PBXFileReference; fileEncoding = 4; lastKnownFileType = sourcecode.cpp.cpp; name = numbers.cpp; path = "espeak-1.46.14/src/numbers.cpp"; sourceTree = "<group>"; };
		C69479A81524F82A00497D6B /* phoneme.h */ = {isa = PBXFileReference; fileEncoding = 4; lastKnownFileType = sourcecode.c.h; name = phoneme.h; path = "espeak-1.46.14/src/phoneme.h"; sourceTree = "<group>"; };
		C69479A91524F82A00497D6B /* phonemelist.cpp */ = {isa = PBXFileReference; fileEncoding = 4; lastKnownFileType = sourcecode.cpp.cpp; name = phonemelist.cpp; path = "espeak-1.46.14/src/phonemelist.cpp"; sourceTree = "<group>"; };
		C69479AA1524F82A00497D6B /* readclause.cpp */ = {isa = PBXFileReference; fileEncoding = 4; lastKnownFileType = sourcecode.cpp.cpp; name = readclause.cpp; path = "espeak-1.46.14/src/readclause.cpp"; sourceTree = "<group>"; };
		C69479AB1524F82A00497D6B /* setlengths.cpp */ = {isa = PBXFileReference; fileEncoding = 4; lastKnownFileType = sourcecode.cpp.cpp; name = setlengths.cpp; path = "espeak-1.46.14/src/setlengths.cpp"; sourceTree = "<group>"; };
		C69479AC1524F82A00497D6B /* sintab.h */ = {isa = PBXFileReference; fileEncoding = 4; lastKnownFileType = sourcecode.c.h; name = sintab.h; path = "espeak-1.46.14/src/sintab.h"; sourceTree = "<group>"; };
		C69479AD1524F82A00497D6B /* sonic.cpp */ = {isa = PBXFileReference; fileEncoding = 4; lastKnownFileType = sourcecode.cpp.cpp; name = sonic.cpp; path = "espeak-1.46.14/src/sonic.cpp"; sourceTree = "<group>"; };
		C69479AE1524F82A00497D6B /* sonic.h */ = {isa = PBXFileReference; fileEncoding = 4; lastKnownFileType = sourcecode.c.h; name = sonic.h; path = "espeak-1.46.14/src/sonic.h"; sourceTree = "<group>"; };
		C69479AF1524F82A00497D6B /* speak_lib.cpp */ = {isa = PBXFileReference; fileEncoding = 4; lastKnownFileType = sourcecode.cpp.cpp; name = speak_lib.cpp; path = "espeak-1.46.14/src/speak_lib.cpp"; sourceTree = "<group>"; };
		C69479B01524F82A00497D6B /* speak_lib.h */ = {isa = PBXFileReference; fileEncoding = 4; lastKnownFileType = sourcecode.c.h; name = speak_lib.h; path = "espeak-1.46.14/src/speak_lib.h"; sourceTree = "<group>"; };
		C69479B11524F82A00497D6B /* speech.h */ = {isa = PBXFileReference; fileEncoding = 4; lastKnownFileType = sourcecode.c.h; name = speech.h; path = "espeak-1.46.14/src/speech.h"; sourceTree = "<group>"; };
		C69479B21524F82A00497D6B /* StdAfx.h */ = {isa = PBXFileReference; fileEncoding = 4; lastKnownFileType = sourcecode.c.h; name = StdAfx.h; path = "espeak-1.46.14/src/StdAfx.h"; sourceTree = "<group>"; };
		C69479B31524F82A00497D6B /* synth_mbrola.cpp */ = {isa = PBXFileReference; fileEncoding = 4; lastKnownFileType = sourcecode.cpp.cpp; name = synth_mbrola.cpp; path = "espeak-1.46.14/src/synth_mbrola.cpp"; sourceTree = "<group>"; };
		C69479B41524F82A00497D6B /* synthdata.cpp */ = {isa = PBXFileReference; fileEncoding = 4; lastKnownFileType = sourcecode.cpp.cpp; name = synthdata.cpp; path = "espeak-1.46.14/src/synthdata.cpp"; sourceTree = "<group>"; };
		C69479B51524F82A00497D6B /* synthesize.cpp */ = {isa = PBXFileReference; fileEncoding = 4; lastKnownFileType = sourcecode.cpp.cpp; name = synthesize.cpp; path = "espeak-1.46.14/src/synthesize.cpp"; sourceTree = "<group>"; };
		C69479B61524F82A00497D6B /* synthesize.h */ = {isa = PBXFileReference; fileEncoding = 4; lastKnownFileType = sourcecode.c.h; name = synthesize.h; path = "espeak-1.46.14/src/synthesize.h"; sourceTree = "<group>"; };
		C69479B71524F82A00497D6B /* tr_languages.cpp */ = {isa = PBXFileReference; fileEncoding = 4; lastKnownFileType = sourcecode.cpp.cpp; name = tr_languages.cpp; path = "espeak-1.46.14/src/tr_languages.cpp"; sourceTree = "<group>"; };
		C69479B81524F82A00497D6B /* translate.cpp */ = {isa = PBXFileReference; fileEncoding = 4; lastKnownFileType = sourcecode.cpp.cpp; name = translate.cpp; path = "espeak-1.46.14/src/translate.cpp"; sourceTree = "<group>"; };
		C69479B91524F82A00497D6B /* translate.h */ = {isa = PBXFileReference; fileEncoding = 4; lastKnownFileType = sourcecode.c.h; name = translate.h; path = "espeak-1.46.14/src/translate.h"; sourceTree = "<group>"; };
		C69479BA1524F82A00497D6B /* voice.h */ = {isa = PBXFileReference; fileEncoding = 4; lastKnownFileType = sourcecode.c.h; name = voice.h; path = "espeak-1.46.14/src/voice.h"; sourceTree = "<group>"; };
		C69479BB1524F82A00497D6B /* voices.cpp */ = {isa = PBXFileReference; fileEncoding = 4; lastKnownFileType = sourcecode.cpp.cpp; name = voices.cpp; path = "espeak-1.46.14/src/voices.cpp"; sourceTree = "<group>"; };
		C69479BC1524F82A00497D6B /* wave.cpp */ = {isa = PBXFileReference; fileEncoding = 4; lastKnownFileType = sourcecode.cpp.cpp; name = wave.cpp; path = "espeak-1.46.14/src/wave.cpp"; sourceTree = "<group>"; };
		C69479BD1524F82A00497D6B /* wave.h */ = {isa = PBXFileReference; fileEncoding = 4; lastKnownFileType = sourcecode.c.h; name = wave.h; path = "espeak-1.46.14/src/wave.h"; sourceTree = "<group>"; };
		C69479BE1524F82A00497D6B /* wavegen.cpp */ = {isa = PBXFileReference; fileEncoding = 4; lastKnownFileType = sourcecode.cpp.cpp; name = wavegen.cpp; path = "espeak-1.46.14/src/wavegen.cpp"; sourceTree = "<group>"; };
		C69479D61524FF8500497D6B /* Play-icon.png */ = {isa = PBXFileReference; lastKnownFileType = image.png; path = "Play-icon.png"; sourceTree = "<group>"; };
		C69479D81525045C00497D6B /* Stop-icon.png */ = {isa = PBXFileReference; lastKnownFileType = image.png; path = "Stop-icon.png"; sourceTree = "<group>"; };
		C6947A281525965D00497D6B /* MainWindow-iPad.xib */ = {isa = PBXFileReference; lastKnownFileType = file.xib; name = "MainWindow-iPad.xib"; path = "iPad/MainWindow-iPad.xib"; sourceTree = "<group>"; };
		C6947A2A15259E2900497D6B /* Default@2x.png */ = {isa = PBXFileReference; lastKnownFileType = image.png; path = "Default@2x.png"; sourceTree = "<group>"; };
		C6947A301525A07D00497D6B /* Icon~ipad.png */ = {isa = PBXFileReference; lastKnownFileType = image.png; path = "Icon~ipad.png"; sourceTree = "<group>"; };
		C6947A321525A0D900497D6B /* Icon~ipad@2x.png */ = {isa = PBXFileReference; lastKnownFileType = image.png; path = "Icon~ipad@2x.png"; sourceTree = "<group>"; };
		C6947A381525BF0300497D6B /* Default-Portrait~ipad.png */ = {isa = PBXFileReference; lastKnownFileType = image.png; path = "Default-Portrait~ipad.png"; sourceTree = "<group>"; };
		C6947A3E1525BF5D00497D6B /* Default-Landscape~ipad.png */ = {isa = PBXFileReference; lastKnownFileType = image.png; path = "Default-Landscape~ipad.png"; sourceTree = "<group>"; };
		C6947A461525C15F00497D6B /* Default-Portrait@2x~ipad.png */ = {isa = PBXFileReference; lastKnownFileType = image.png; path = "Default-Portrait@2x~ipad.png"; sourceTree = "<group>"; };
		C6947A481525C16400497D6B /* Default-Landscape@2x~ipad.png */ = {isa = PBXFileReference; lastKnownFileType = image.png; path = "Default-Landscape@2x~ipad.png"; sourceTree = "<group>"; };
		C6947A4A1525CFA700497D6B /* PTeSpeak.h */ = {isa = PBXFileReference; fileEncoding = 4; lastKnownFileType = sourcecode.c.h; path = PTeSpeak.h; sourceTree = "<group>"; };
		C6947A4B1525CFA700497D6B /* PTeSpeak.m */ = {isa = PBXFileReference; fileEncoding = 4; lastKnownFileType = sourcecode.c.objc; path = PTeSpeak.m; sourceTree = "<group>"; };
		C6B01ABF128BEDEA0025D0A0 /* background.png */ = {isa = PBXFileReference; lastKnownFileType = image.png; path = background.png; sourceTree = "<group>"; };
		C6B01E50128D7C3D0025D0A0 /* MessageUI.framework */ = {isa = PBXFileReference; lastKnownFileType = wrapper.framework; name = MessageUI.framework; path = System/Library/Frameworks/MessageUI.framework; sourceTree = SDKROOT; };
		C6C991F4162A931100B642BE /* Default-568h@2x.png */ = {isa = PBXFileReference; lastKnownFileType = image.png; path = "Default-568h@2x.png"; sourceTree = "<group>"; };
		C6E9FFA5105AAA4B001078EB /* Icon.png */ = {isa = PBXFileReference; lastKnownFileType = image.png; path = Icon.png; sourceTree = "<group>"; };
		C6F38BBF128E92B400B4535A /* AudioToolbox.framework */ = {isa = PBXFileReference; lastKnownFileType = wrapper.framework; name = AudioToolbox.framework; path = System/Library/Frameworks/AudioToolbox.framework; sourceTree = SDKROOT; };
		C6F38BC2128E92C300B4535A /* MediaPlayer.framework */ = {isa = PBXFileReference; lastKnownFileType = wrapper.framework; name = MediaPlayer.framework; path = System/Library/Frameworks/MediaPlayer.framework; sourceTree = SDKROOT; };
		C6F38BC5128E92CE00B4535A /* MessageUI.framework */ = {isa = PBXFileReference; lastKnownFileType = wrapper.framework; name = MessageUI.framework; path = System/Library/Frameworks/MessageUI.framework; sourceTree = SDKROOT; };
		C6F38C50128E948600B4535A /* CDataScanner.h */ = {isa = PBXFileReference; fileEncoding = 4; lastKnownFileType = sourcecode.c.h; path = CDataScanner.h; sourceTree = "<group>"; };
		C6F38C51128E948600B4535A /* CDataScanner.m */ = {isa = PBXFileReference; fileEncoding = 4; lastKnownFileType = sourcecode.c.objc; path = CDataScanner.m; sourceTree = "<group>"; };
		C6F38C53128E948600B4535A /* CDataScanner_Extensions.h */ = {isa = PBXFileReference; fileEncoding = 4; lastKnownFileType = sourcecode.c.h; path = CDataScanner_Extensions.h; sourceTree = "<group>"; };
		C6F38C54128E948600B4535A /* CDataScanner_Extensions.m */ = {isa = PBXFileReference; fileEncoding = 4; lastKnownFileType = sourcecode.c.objc; path = CDataScanner_Extensions.m; sourceTree = "<group>"; };
		C6F38C55128E948600B4535A /* NSCharacterSet_Extensions.h */ = {isa = PBXFileReference; fileEncoding = 4; lastKnownFileType = sourcecode.c.h; path = NSCharacterSet_Extensions.h; sourceTree = "<group>"; };
		C6F38C56128E948600B4535A /* NSCharacterSet_Extensions.m */ = {isa = PBXFileReference; fileEncoding = 4; lastKnownFileType = sourcecode.c.objc; path = NSCharacterSet_Extensions.m; sourceTree = "<group>"; };
		C6F38C57128E948600B4535A /* NSDictionary_JSONExtensions.h */ = {isa = PBXFileReference; fileEncoding = 4; lastKnownFileType = sourcecode.c.h; path = NSDictionary_JSONExtensions.h; sourceTree = "<group>"; };
		C6F38C58128E948600B4535A /* NSDictionary_JSONExtensions.m */ = {isa = PBXFileReference; fileEncoding = 4; lastKnownFileType = sourcecode.c.objc; path = NSDictionary_JSONExtensions.m; sourceTree = "<group>"; };
		C6F38C59128E948600B4535A /* NSScanner_Extensions.h */ = {isa = PBXFileReference; fileEncoding = 4; lastKnownFileType = sourcecode.c.h; path = NSScanner_Extensions.h; sourceTree = "<group>"; };
		C6F38C5A128E948600B4535A /* NSScanner_Extensions.m */ = {isa = PBXFileReference; fileEncoding = 4; lastKnownFileType = sourcecode.c.objc; path = NSScanner_Extensions.m; sourceTree = "<group>"; };
		C6F38C5C128E948600B4535A /* CJSONDataSerializer.h */ = {isa = PBXFileReference; fileEncoding = 4; lastKnownFileType = sourcecode.c.h; path = CJSONDataSerializer.h; sourceTree = "<group>"; };
		C6F38C5D128E948600B4535A /* CJSONDataSerializer.m */ = {isa = PBXFileReference; fileEncoding = 4; lastKnownFileType = sourcecode.c.objc; path = CJSONDataSerializer.m; sourceTree = "<group>"; };
		C6F38C5E128E948600B4535A /* CJSONDeserializer.h */ = {isa = PBXFileReference; fileEncoding = 4; lastKnownFileType = sourcecode.c.h; path = CJSONDeserializer.h; sourceTree = "<group>"; };
		C6F38C5F128E948600B4535A /* CJSONDeserializer.m */ = {isa = PBXFileReference; fileEncoding = 4; lastKnownFileType = sourcecode.c.objc; path = CJSONDeserializer.m; sourceTree = "<group>"; };
		C6F38C60128E948600B4535A /* CJSONScanner.h */ = {isa = PBXFileReference; fileEncoding = 4; lastKnownFileType = sourcecode.c.h; path = CJSONScanner.h; sourceTree = "<group>"; };
		C6F38C61128E948600B4535A /* CJSONScanner.m */ = {isa = PBXFileReference; fileEncoding = 4; lastKnownFileType = sourcecode.c.objc; path = CJSONScanner.m; sourceTree = "<group>"; };
		C6F38C62128E948600B4535A /* CJSONSerializer.h */ = {isa = PBXFileReference; fileEncoding = 4; lastKnownFileType = sourcecode.c.h; path = CJSONSerializer.h; sourceTree = "<group>"; };
		C6F38C63128E948600B4535A /* CJSONSerializer.m */ = {isa = PBXFileReference; fileEncoding = 4; lastKnownFileType = sourcecode.c.objc; path = CJSONSerializer.m; sourceTree = "<group>"; };
		C6F38C64128E948600B4535A /* CSerializedJSONData.h */ = {isa = PBXFileReference; fileEncoding = 4; lastKnownFileType = sourcecode.c.h; path = CSerializedJSONData.h; sourceTree = "<group>"; };
		C6F38C65128E948600B4535A /* CSerializedJSONData.m */ = {isa = PBXFileReference; fileEncoding = 4; lastKnownFileType = sourcecode.c.objc; path = CSerializedJSONData.m; sourceTree = "<group>"; };
/* End PBXFileReference section */

/* Begin PBXFrameworksBuildPhase section */
		1D60588F0D05DD3D006BFB54 /* Frameworks */ = {
			isa = PBXFrameworksBuildPhase;
			buildActionMask = 2147483647;
			files = (
				1D60589F0D05DD5A006BFB54 /* Foundation.framework in Frameworks */,
				1DF5F4E00D08C38300B7A737 /* UIKit.framework in Frameworks */,
				2892E4100DC94CBA00A64D0F /* CoreGraphics.framework in Frameworks */,
				13B850510E461FA80058FDC2 /* libsqlite3.dylib in Frameworks */,
				C68ADDED128AA3E9001FFD4C /* QuartzCore.framework in Frameworks */,
				C6B01E51128D7C3D0025D0A0 /* MessageUI.framework in Frameworks */,
				C6F38BC0128E92B400B4535A /* AudioToolbox.framework in Frameworks */,
				C6F38BC3128E92C300B4535A /* MediaPlayer.framework in Frameworks */,
				C6F38BC6128E92CE00B4535A /* MessageUI.framework in Frameworks */,
			);
			runOnlyForDeploymentPostprocessing = 0;
		};
/* End PBXFrameworksBuildPhase section */

/* Begin PBXGroup section */
		080E96DDFE201D6D7F000001 /* Classes */ = {
			isa = PBXGroup;
			children = (
				C68ADDDD128AA3B2001FFD4C /* ShadowedTableView.h */,
				C68ADDDE128AA3B2001FFD4C /* ShadowedTableView.m */,
				28C286DF0D94DF7D0034E888 /* RootViewController.h */,
				28C286E00D94DF7D0034E888 /* RootViewController.m */,
				139F57070E44FC6C009EA047 /* DetailViewController.h */,
				139F57080E44FC6C009EA047 /* DetailViewController.m */,
				139F57B90E450A23009EA047 /* BookmarkViewController.h */,
				139F57BA0E450A23009EA047 /* BookmarkViewController.m */,
				13B84F130E45C81E0058FDC2 /* BookmarkDetailViewController.h */,
				13B84F140E45C81E0058FDC2 /* BookmarkDetailViewController.m */,
				C6947A4A1525CFA700497D6B /* PTeSpeak.h */,
				C6947A4B1525CFA700497D6B /* PTeSpeak.m */,
			);
			path = Classes;
			sourceTree = "<group>";
		};
		13B8503D0E461E3E0058FDC2 /* DB */ = {
			isa = PBXGroup;
			children = (
				1D3623240D0F684500981E51 /* LinGEOAppDelegate.h */,
				1D3623250D0F684500981E51 /* LinGEOAppDelegate.m */,
				13FB7BC20E44DB560081C08E /* EngGeo.h */,
				13FB7BC30E44DB560081C08E /* EngGeo.m */,
				1311061E0E46676500ADB761 /* Bookmark.h */,
				1311061F0E46676500ADB761 /* Bookmark.m */,
			);
			name = DB;
			sourceTree = "<group>";
		};
		19C28FACFE9D520D11CA2CBB /* Products */ = {
			isa = PBXGroup;
			children = (
				1D6058910D05DD3D006BFB54 /* LinGEO.app */,
			);
			name = Products;
			sourceTree = "<group>";
		};
		29B97314FDCFA39411CA2CEA /* CustomTemplate */ = {
			isa = PBXGroup;
			children = (
				C69479931524F77F00497D6B /* espeak */,
				C69479911524F73F00497D6B /* espeak-data */,
				C6F38C4F128E948600B4535A /* TouchJSON */,
				13B8503D0E461E3E0058FDC2 /* DB */,
				080E96DDFE201D6D7F000001 /* Classes */,
				29B97315FDCFA39411CA2CEA /* Other Sources */,
				29B97317FDCFA39411CA2CEA /* Resources */,
				C6947A271525965C00497D6B /* iPad */,
				29B97323FDCFA39411CA2CEA /* Frameworks */,
				19C28FACFE9D520D11CA2CBB /* Products */,
			);
			name = CustomTemplate;
			sourceTree = "<group>";
		};
		29B97315FDCFA39411CA2CEA /* Other Sources */ = {
			isa = PBXGroup;
			children = (
				28A0AAE50D9B0CCF005BE974 /* LinGEO_Prefix.pch */,
				29B97316FDCFA39411CA2CEA /* main.m */,
			);
			name = "Other Sources";
			sourceTree = "<group>";
		};
		29B97317FDCFA39411CA2CEA /* Resources */ = {
			isa = PBXGroup;
			children = (
				C6C991F4162A931100B642BE /* Default-568h@2x.png */,
				C6947A481525C16400497D6B /* Default-Landscape@2x~ipad.png */,
				C6947A461525C15F00497D6B /* Default-Portrait@2x~ipad.png */,
				C6947A3E1525BF5D00497D6B /* Default-Landscape~ipad.png */,
				C6947A381525BF0300497D6B /* Default-Portrait~ipad.png */,
				C6947A321525A0D900497D6B /* Icon~ipad@2x.png */,
				C6947A301525A07D00497D6B /* Icon~ipad.png */,
				C606177A106784870090295B /* Default.png */,
				C6947A2A15259E2900497D6B /* Default@2x.png */,
				C69479D81525045C00497D6B /* Stop-icon.png */,
				C69479D61524FF8500497D6B /* Play-icon.png */,
				C6B01ABF128BEDEA0025D0A0 /* background.png */,
				C6E9FFA5105AAA4B001078EB /* Icon.png */,
				C694798B1524F24400497D6B /* Icon@2x.png */,
				131106070E465B9C00ADB761 /* ilingoka.sqlite */,
				2899E55F0DE3E45000AC0155 /* RootViewController.xib */,
				28AD735F0D9D9599002E5188 /* MainWindow.xib */,
				8D1107310486CEB800E47090 /* Info.plist */,
				139F57040E44FC37009EA047 /* DetailView.xib */,
				139F57B60E450A0B009EA047 /* BookmarkView.xib */,
				13B84F760E45CCFE0058FDC2 /* BookmarkDetailView.xib */,
				C6538937128DA68C00C8FC07 /* Entitlements.plist */,
			);
			name = Resources;
			sourceTree = "<group>";
		};
		29B97323FDCFA39411CA2CEA /* Frameworks */ = {
			isa = PBXGroup;
			children = (
				C68ADDEC128AA3E9001FFD4C /* QuartzCore.framework */,
				C6B01E50128D7C3D0025D0A0 /* MessageUI.framework */,
				13B850500E461FA80058FDC2 /* libsqlite3.dylib */,
				2892E40F0DC94CBA00A64D0F /* CoreGraphics.framework */,
				1DF5F4DF0D08C38300B7A737 /* UIKit.framework */,
				1D30AB110D05D00D00671497 /* Foundation.framework */,
				C6F38BBF128E92B400B4535A /* AudioToolbox.framework */,
				C6F38BC2128E92C300B4535A /* MediaPlayer.framework */,
				C6F38BC5128E92CE00B4535A /* MessageUI.framework */,
			);
			name = Frameworks;
			sourceTree = "<group>";
		};
		C69479931524F77F00497D6B /* espeak */ = {
			isa = PBXGroup;
			children = (
				C69479981524F82A00497D6B /* compiledict.cpp */,
				C69479991524F82A00497D6B /* debug.cpp */,
				C694799A1524F82A00497D6B /* debug.h */,
				C694799B1524F82A00497D6B /* dictionary.cpp */,
				C694799C1524F82A00497D6B /* espeak_command.cpp */,
				C694799D1524F82A00497D6B /* espeak_command.h */,
				C694799E1524F82A00497D6B /* event.cpp */,
				C694799F1524F82A00497D6B /* event.h */,
				C69479A01524F82A00497D6B /* fifo.cpp */,
				C69479A11524F82A00497D6B /* fifo.h */,
				C69479A21524F82A00497D6B /* intonation.cpp */,
				C69479A31524F82A00497D6B /* klatt.cpp */,
				C69479A41524F82A00497D6B /* klatt.h */,
				C69479A51524F82A00497D6B /* mbrowrap.cpp */,
				C69479A61524F82A00497D6B /* mbrowrap.h */,
				C69479A71524F82A00497D6B /* numbers.cpp */,
				C69479A81524F82A00497D6B /* phoneme.h */,
				C69479A91524F82A00497D6B /* phonemelist.cpp */,
				C69479AA1524F82A00497D6B /* readclause.cpp */,
				C69479AB1524F82A00497D6B /* setlengths.cpp */,
				C69479AC1524F82A00497D6B /* sintab.h */,
				C69479AD1524F82A00497D6B /* sonic.cpp */,
				C69479AE1524F82A00497D6B /* sonic.h */,
				C69479AF1524F82A00497D6B /* speak_lib.cpp */,
				C69479B01524F82A00497D6B /* speak_lib.h */,
				C69479B11524F82A00497D6B /* speech.h */,
				C69479B21524F82A00497D6B /* StdAfx.h */,
				C69479B31524F82A00497D6B /* synth_mbrola.cpp */,
				C69479B41524F82A00497D6B /* synthdata.cpp */,
				C69479B51524F82A00497D6B /* synthesize.cpp */,
				C69479B61524F82A00497D6B /* synthesize.h */,
				C69479B71524F82A00497D6B /* tr_languages.cpp */,
				C69479B81524F82A00497D6B /* translate.cpp */,
				C69479B91524F82A00497D6B /* translate.h */,
				C69479BA1524F82A00497D6B /* voice.h */,
				C69479BB1524F82A00497D6B /* voices.cpp */,
				C69479BC1524F82A00497D6B /* wave.cpp */,
				C69479BD1524F82A00497D6B /* wave.h */,
				C69479BE1524F82A00497D6B /* wavegen.cpp */,
			);
			name = espeak;
			sourceTree = "<group>";
		};
		C6947A271525965C00497D6B /* iPad */ = {
			isa = PBXGroup;
			children = (
				C6947A281525965D00497D6B /* MainWindow-iPad.xib */,
			);
			name = iPad;
			sourceTree = "<group>";
		};
		C6F38C4F128E948600B4535A /* TouchJSON */ = {
			isa = PBXGroup;
			children = (
				C6F38C50128E948600B4535A /* CDataScanner.h */,
				C6F38C51128E948600B4535A /* CDataScanner.m */,
				C6F38C52128E948600B4535A /* Extensions */,
				C6F38C5B128E948600B4535A /* JSON */,
			);
			path = TouchJSON;
			sourceTree = "<group>";
		};
		C6F38C52128E948600B4535A /* Extensions */ = {
			isa = PBXGroup;
			children = (
				C6F38C53128E948600B4535A /* CDataScanner_Extensions.h */,
				C6F38C54128E948600B4535A /* CDataScanner_Extensions.m */,
				C6F38C55128E948600B4535A /* NSCharacterSet_Extensions.h */,
				C6F38C56128E948600B4535A /* NSCharacterSet_Extensions.m */,
				C6F38C57128E948600B4535A /* NSDictionary_JSONExtensions.h */,
				C6F38C58128E948600B4535A /* NSDictionary_JSONExtensions.m */,
				C6F38C59128E948600B4535A /* NSScanner_Extensions.h */,
				C6F38C5A128E948600B4535A /* NSScanner_Extensions.m */,
			);
			path = Extensions;
			sourceTree = "<group>";
		};
		C6F38C5B128E948600B4535A /* JSON */ = {
			isa = PBXGroup;
			children = (
				C6F38C5C128E948600B4535A /* CJSONDataSerializer.h */,
				C6F38C5D128E948600B4535A /* CJSONDataSerializer.m */,
				C6F38C5E128E948600B4535A /* CJSONDeserializer.h */,
				C6F38C5F128E948600B4535A /* CJSONDeserializer.m */,
				C6F38C60128E948600B4535A /* CJSONScanner.h */,
				C6F38C61128E948600B4535A /* CJSONScanner.m */,
				C6F38C62128E948600B4535A /* CJSONSerializer.h */,
				C6F38C63128E948600B4535A /* CJSONSerializer.m */,
				C6F38C64128E948600B4535A /* CSerializedJSONData.h */,
				C6F38C65128E948600B4535A /* CSerializedJSONData.m */,
			);
			path = JSON;
			sourceTree = "<group>";
		};
/* End PBXGroup section */

/* Begin PBXNativeTarget section */
		1D6058900D05DD3D006BFB54 /* LinGEO */ = {
			isa = PBXNativeTarget;
			buildConfigurationList = 1D6058960D05DD3E006BFB54 /* Build configuration list for PBXNativeTarget "LinGEO" */;
			buildPhases = (
				1D60588D0D05DD3D006BFB54 /* Resources */,
				1D60588E0D05DD3D006BFB54 /* Sources */,
				1D60588F0D05DD3D006BFB54 /* Frameworks */,
			);
			buildRules = (
			);
			dependencies = (
			);
			name = LinGEO;
			productName = LinGEO;
			productReference = 1D6058910D05DD3D006BFB54 /* LinGEO.app */;
			productType = "com.apple.product-type.application";
		};
/* End PBXNativeTarget section */

/* Begin PBXProject section */
		29B97313FDCFA39411CA2CEA /* Project object */ = {
			isa = PBXProject;
			attributes = {
				LastUpgradeCheck = 0430;
			};
			buildConfigurationList = C01FCF4E08A954540054247B /* Build configuration list for PBXProject "LinGEO" */;
			compatibilityVersion = "Xcode 3.2";
			developmentRegion = English;
			hasScannedForEncodings = 1;
			knownRegions = (
				English,
				Japanese,
				French,
				German,
				en,
			);
			mainGroup = 29B97314FDCFA39411CA2CEA /* CustomTemplate */;
			projectDirPath = "";
			projectRoot = "";
			targets = (
				1D6058900D05DD3D006BFB54 /* LinGEO */,
			);
		};
/* End PBXProject section */

/* Begin PBXResourcesBuildPhase section */
		1D60588D0D05DD3D006BFB54 /* Resources */ = {
			isa = PBXResourcesBuildPhase;
			buildActionMask = 2147483647;
			files = (
				28AD73600D9D9599002E5188 /* MainWindow.xib in Resources */,
				2899E5600DE3E45000AC0155 /* RootViewController.xib in Resources */,
				139F57050E44FC37009EA047 /* DetailView.xib in Resources */,
				139F57B70E450A0B009EA047 /* BookmarkView.xib in Resources */,
				13B84F770E45CCFE0058FDC2 /* BookmarkDetailView.xib in Resources */,
				131106080E465B9C00ADB761 /* ilingoka.sqlite in Resources */,
				C6E9FFA6105AAA4B001078EB /* Icon.png in Resources */,
				C6B01AC0128BEDEA0025D0A0 /* background.png in Resources */,
				C6538938128DA68C00C8FC07 /* Entitlements.plist in Resources */,
				C69479921524F73F00497D6B /* espeak-data in Resources */,
				C69479D71524FF8500497D6B /* Play-icon.png in Resources */,
				C69479D91525045C00497D6B /* Stop-icon.png in Resources */,
				C69479DA15250B4500497D6B /* Icon@2x.png in Resources */,
				C6947A291525965D00497D6B /* MainWindow-iPad.xib in Resources */,
				C6947A311525A07D00497D6B /* Icon~ipad.png in Resources */,
				C6947A331525A0D900497D6B /* Icon~ipad@2x.png in Resources */,
				C6947A421525C03900497D6B /* Default.png in Resources */,
				C6947A431525C03B00497D6B /* Default@2x.png in Resources */,
				C6947A441525C15700497D6B /* Default-Portrait~ipad.png in Resources */,
				C6947A451525C15900497D6B /* Default-Landscape~ipad.png in Resources */,
				C6947A471525C15F00497D6B /* Default-Portrait@2x~ipad.png in Resources */,
				C6947A491525C16400497D6B /* Default-Landscape@2x~ipad.png in Resources */,
				C6C991F5162A931100B642BE /* Default-568h@2x.png in Resources */,
			);
			runOnlyForDeploymentPostprocessing = 0;
		};
/* End PBXResourcesBuildPhase section */

/* Begin PBXSourcesBuildPhase section */
		1D60588E0D05DD3D006BFB54 /* Sources */ = {
			isa = PBXSourcesBuildPhase;
			buildActionMask = 2147483647;
			files = (
				1D60589B0D05DD56006BFB54 /* main.m in Sources */,
				1D3623260D0F684500981E51 /* LinGEOAppDelegate.m in Sources */,
				28C286E10D94DF7D0034E888 /* RootViewController.m in Sources */,
				13FB7BC40E44DB560081C08E /* EngGeo.m in Sources */,
				139F57090E44FC6C009EA047 /* DetailViewController.m in Sources */,
				139F57BB0E450A23009EA047 /* BookmarkViewController.m in Sources */,
				13B84F150E45C81E0058FDC2 /* BookmarkDetailViewController.m in Sources */,
				131106200E46676500ADB761 /* Bookmark.m in Sources */,
				C68ADDDF128AA3B2001FFD4C /* ShadowedTableView.m in Sources */,
				C6F38C66128E948600B4535A /* CDataScanner.m in Sources */,
				C6F38C67128E948600B4535A /* CDataScanner_Extensions.m in Sources */,
				C6F38C68128E948600B4535A /* NSCharacterSet_Extensions.m in Sources */,
				C6F38C69128E948600B4535A /* NSDictionary_JSONExtensions.m in Sources */,
				C6F38C6A128E948600B4535A /* NSScanner_Extensions.m in Sources */,
				C6F38C6B128E948600B4535A /* CJSONDataSerializer.m in Sources */,
				C6F38C6C128E948600B4535A /* CJSONDeserializer.m in Sources */,
				C6F38C6D128E948600B4535A /* CJSONScanner.m in Sources */,
				C6F38C6E128E948600B4535A /* CJSONSerializer.m in Sources */,
				C6F38C6F128E948600B4535A /* CSerializedJSONData.m in Sources */,
				C69479BF1524F82A00497D6B /* compiledict.cpp in Sources */,
				C69479C01524F82A00497D6B /* debug.cpp in Sources */,
				C69479C11524F82A00497D6B /* dictionary.cpp in Sources */,
				C69479C21524F82A00497D6B /* espeak_command.cpp in Sources */,
				C69479C31524F82A00497D6B /* event.cpp in Sources */,
				C69479C41524F82A00497D6B /* fifo.cpp in Sources */,
				C69479C51524F82A00497D6B /* intonation.cpp in Sources */,
				C69479C61524F82A00497D6B /* klatt.cpp in Sources */,
				C69479C71524F82A00497D6B /* mbrowrap.cpp in Sources */,
				C69479C81524F82A00497D6B /* numbers.cpp in Sources */,
				C69479C91524F82A00497D6B /* phonemelist.cpp in Sources */,
				C69479CA1524F82A00497D6B /* readclause.cpp in Sources */,
				C69479CB1524F82A00497D6B /* setlengths.cpp in Sources */,
				C69479CC1524F82A00497D6B /* sonic.cpp in Sources */,
				C69479CD1524F82A00497D6B /* speak_lib.cpp in Sources */,
				C69479CE1524F82A00497D6B /* synth_mbrola.cpp in Sources */,
				C69479CF1524F82A00497D6B /* synthdata.cpp in Sources */,
				C69479D01524F82A00497D6B /* synthesize.cpp in Sources */,
				C69479D11524F82A00497D6B /* tr_languages.cpp in Sources */,
				C69479D21524F82A00497D6B /* translate.cpp in Sources */,
				C69479D31524F82A00497D6B /* voices.cpp in Sources */,
				C69479D41524F82A00497D6B /* wave.cpp in Sources */,
				C69479D51524F82A00497D6B /* wavegen.cpp in Sources */,
				C6947A4C1525CFA700497D6B /* PTeSpeak.m in Sources */,
			);
			runOnlyForDeploymentPostprocessing = 0;
		};
/* End PBXSourcesBuildPhase section */

/* Begin XCBuildConfiguration section */
		1D6058940D05DD3E006BFB54 /* Debug */ = {
			isa = XCBuildConfiguration;
			buildSettings = {
				ALWAYS_SEARCH_USER_PATHS = NO;
				ARCHS = (
					armv7,
					armv6,
				);
				CODE_SIGN_ENTITLEMENTS = "";
				"CODE_SIGN_IDENTITY[sdk=iphoneos*]" = "iPhone Distribution: Lasha Dolidze";
				COPY_PHASE_STRIP = YES;
				GCC_DYNAMIC_NO_PIC = NO;
				GCC_OPTIMIZATION_LEVEL = 0;
				GCC_PRECOMPILE_PREFIX_HEADER = YES;
				GCC_PREFIX_HEADER = LinGEO_Prefix.pch;
				INFOPLIST_FILE = Info.plist;
				IPHONEOS_DEPLOYMENT_TARGET = 4.3;
				LIBRARY_SEARCH_PATHS = (
					"$(inherited)",
					"\"$(SRCROOT)/AdMob\"",
				);
				PRODUCT_NAME = LinGEO;
				"PROVISIONING_PROFILE[sdk=iphoneos*]" = "CC74C7A6-C8B5-4EA5-96F1-876FB9A850A8";
				SDKROOT = iphoneos;
				TARGETED_DEVICE_FAMILY = "1,2";
				VALID_ARCHS = "armv7 armv7s";
			};
			name = Debug;
		};
		1D6058950D05DD3E006BFB54 /* Release */ = {
			isa = XCBuildConfiguration;
			buildSettings = {
				ALWAYS_SEARCH_USER_PATHS = NO;
				ARCHS = (
					armv7,
					armv6,
				);
				CODE_SIGN_ENTITLEMENTS = "";
				"CODE_SIGN_IDENTITY[sdk=iphoneos*]" = "iPhone Distribution: Lasha Dolidze";
				COPY_PHASE_STRIP = YES;
				GCC_PRECOMPILE_PREFIX_HEADER = YES;
				GCC_PREFIX_HEADER = LinGEO_Prefix.pch;
				INFOPLIST_FILE = Info.plist;
				IPHONEOS_DEPLOYMENT_TARGET = 4.3;
				LIBRARY_SEARCH_PATHS = (
					"$(inherited)",
					"\"$(SRCROOT)/AdMob\"",
				);
				PRODUCT_NAME = LinGEO;
				"PROVISIONING_PROFILE[sdk=iphoneos*]" = "CC74C7A6-C8B5-4EA5-96F1-876FB9A850A8";
				SDKROOT = iphoneos;
				TARGETED_DEVICE_FAMILY = "1,2";
				VALID_ARCHS = "armv7 armv7s";
			};
			name = Release;
		};
		C01FCF4F08A954540054247B /* Debug */ = {
			isa = XCBuildConfiguration;
			buildSettings = {
				ARCHS = (
					armv6,
					armv7,
				);
				CODE_SIGN_IDENTITY = "iPhone Developer: Lasha Dolidze (K49Y2SHJZG)";
				"CODE_SIGN_IDENTITY[sdk=iphoneos*]" = "iPhone Distribution: Lasha Dolidze";
				GCC_C_LANGUAGE_STANDARD = c99;
				GCC_WARN_ABOUT_RETURN_TYPE = YES;
				GCC_WARN_UNUSED_VARIABLE = YES;
				IPHONEOS_DEPLOYMENT_TARGET = 3.0;
				ONLY_ACTIVE_ARCH = NO;
				PROVISIONING_PROFILE = "E18DD1D0-2C75-4CFE-9FBE-AE34738B538C";
				SCAN_ALL_SOURCE_FILES_FOR_INCLUDES = NO;
				SDKROOT = iphoneos6.0;
				VALID_ARCHS = "armv7 armv7s";
			};
			name = Debug;
		};
		C01FCF5008A954540054247B /* Release */ = {
			isa = XCBuildConfiguration;
			buildSettings = {
				ARCHS = (
					armv6,
					armv7,
				);
				CODE_SIGN_IDENTITY = "iPhone Distribution: Lasha Dolidze";
				"CODE_SIGN_IDENTITY[sdk=iphoneos*]" = "iPhone Distribution: Lasha Dolidze";
				GCC_C_LANGUAGE_STANDARD = c99;
				GCC_WARN_ABOUT_RETURN_TYPE = YES;
				GCC_WARN_UNUSED_VARIABLE = YES;
				IPHONEOS_DEPLOYMENT_TARGET = 3.0;
				ONLY_ACTIVE_ARCH = NO;
				PRODUCT_NAME = LinGEO;
				PROVISIONING_PROFILE = "CC74C7A6-C8B5-4EA5-96F1-876FB9A850A8";
				SDKROOT = iphoneos6.0;
				VALID_ARCHS = "armv7 armv7s";
			};
			name = Release;
		};
		C64F7DC1105E638300A4DFEE /* Distribution */ = {
			isa = XCBuildConfiguration;
			buildSettings = {
				ARCHS = (
					armv6,
					armv7,
				);
				CODE_SIGN_IDENTITY = "iPhone Distribution: Lasha Dolidze";
				"CODE_SIGN_IDENTITY[sdk=iphoneos*]" = "iPhone Distribution: Lasha Dolidze";
				GCC_C_LANGUAGE_STANDARD = c99;
				GCC_WARN_ABOUT_RETURN_TYPE = YES;
				GCC_WARN_UNUSED_VARIABLE = YES;
				IPHONEOS_DEPLOYMENT_TARGET = 3.0;
				ONLY_ACTIVE_ARCH = NO;
				PRODUCT_NAME = LinGEO;
				PROVISIONING_PROFILE = "CC74C7A6-C8B5-4EA5-96F1-876FB9A850A8";
				SDKROOT = iphoneos6.0;
				VALID_ARCHS = "armv7 armv7s";
			};
			name = Distribution;
		};
		C64F7DC2105E638300A4DFEE /* Distribution */ = {
			isa = XCBuildConfiguration;
			buildSettings = {
				ALWAYS_SEARCH_USER_PATHS = NO;
				ARCHS = (
					armv7,
					armv6,
				);
				CODE_SIGN_ENTITLEMENTS = "";
				"CODE_SIGN_IDENTITY[sdk=iphoneos*]" = "iPhone Distribution: Lasha Dolidze";
				COPY_PHASE_STRIP = YES;
				GCC_PRECOMPILE_PREFIX_HEADER = YES;
				GCC_PREFIX_HEADER = LinGEO_Prefix.pch;
				INFOPLIST_FILE = Info.plist;
				IPHONEOS_DEPLOYMENT_TARGET = 4.3;
				LIBRARY_SEARCH_PATHS = (
					"$(inherited)",
					"\"$(SRCROOT)/AdMob\"",
				);
				PRODUCT_NAME = LinGEO;
				"PROVISIONING_PROFILE[sdk=iphoneos*]" = "CC74C7A6-C8B5-4EA5-96F1-876FB9A850A8";
				SDKROOT = iphoneos;
				TARGETED_DEVICE_FAMILY = "1,2";
				VALID_ARCHS = "armv7 armv7s";
			};
			name = Distribution;
		};
/* End XCBuildConfiguration section */

/* Begin XCConfigurationList section */
		1D6058960D05DD3E006BFB54 /* Build configuration list for PBXNativeTarget "LinGEO" */ = {
			isa = XCConfigurationList;
			buildConfigurations = (
				1D6058940D05DD3E006BFB54 /* Debug */,
				1D6058950D05DD3E006BFB54 /* Release */,
				C64F7DC2105E638300A4DFEE /* Distribution */,
			);
			defaultConfigurationIsVisible = 0;
			defaultConfigurationName = Release;
		};
		C01FCF4E08A954540054247B /* Build configuration list for PBXProject "LinGEO" */ = {
			isa = XCConfigurationList;
			buildConfigurations = (
				C01FCF4F08A954540054247B /* Debug */,
				C01FCF5008A954540054247B /* Release */,
				C64F7DC1105E638300A4DFEE /* Distribution */,
			);
			defaultConfigurationIsVisible = 0;
			defaultConfigurationName = Release;
		};
/* End XCConfigurationList section */
	};
	rootObject = 29B97313FDCFA39411CA2CEA /* Project object */;
}
